
Microsoft Visual Studio Solution File, Format Version 12.00
# Visual Studio Version 17
VisualStudioVersion = 17.7.34202.233
MinimumVisualStudioVersion = 10.0.40219.1
Project("{9A19103F-16F7-4668-BE54-9A1E7A4F7556}") = "ASPMVCWebAPI", "ASPMVCWebAPI.csproj", "{3FE27221-85EB-47F8-84F5-55C397FEFBED}"
EndProject
Project("{FAE04EC0-301F-11D3-BF4B-00C04F79EFBC}") = "_BLL", "..\_BLL\_BLL.csproj", "{348369AD-C931-43E9-B5B4-58B8346F05F0}"
EndProject
Project("{FAE04EC0-301F-11D3-BF4B-00C04F79EFBC}") = "_DAL", "..\_DAL\_DAL.csproj", "{063598E5-8551-47EE-8E65-92C899DD562E}"
EndProject
Global
	GlobalSection(SolutionConfigurationPlatforms) = preSolution
		Debug|Any CPU = Debug|Any CPU
		Release|Any CPU = Release|Any CPU
	EndGlobalSection
	GlobalSection(ProjectConfigurationPlatforms) = postSolution
		{3FE27221-85EB-47F8-84F5-55C397FEFBED}.Debug|Any CPU.ActiveCfg = Debug|Any CPU
		{3FE27221-85EB-47F8-84F5-55C397FEFBED}.Debug|Any CPU.Build.0 = Debug|Any CPU
		{3FE27221-85EB-47F8-84F5-55C397FEFBED}.Release|Any CPU.ActiveCfg = Release|Any CPU
		{3FE27221-85EB-47F8-84F5-55C397FEFBED}.Release|Any CPU.Build.0 = Release|Any CPU
		{348369AD-C931-43E9-B5B4-58B8346F05F0}.Debug|Any CPU.ActiveCfg = Debug|Any CPU
		{348369AD-C931-43E9-B5B4-58B8346F05F0}.Debug|Any CPU.Build.0 = Debug|Any CPU
		{348369AD-C931-43E9-B5B4-58B8346F05F0}.Release|Any CPU.ActiveCfg = Release|Any CPU
		{348369AD-C931-43E9-B5B4-58B8346F05F0}.Release|Any CPU.Build.0 = Release|Any CPU
		{063598E5-8551-47EE-8E65-92C899DD562E}.Debug|Any CPU.ActiveCfg = Debug|Any CPU
		{063598E5-8551-47EE-8E65-92C899DD562E}.Debug|Any CPU.Build.0 = Debug|Any CPU
		{063598E5-8551-47EE-8E65-92C899DD562E}.Release|Any CPU.ActiveCfg = Release|Any CPU
		{063598E5-8551-47EE-8E65-92C899DD562E}.Release|Any CPU.Build.0 = Release|Any CPU
	EndGlobalSection
	GlobalSection(SolutionProperties) = preSolution
		HideSolutionNode = FALSE
	EndGlobalSection
	GlobalSection(ExtensibilityGlobals) = postSolution
		SolutionGuid = {FD8C05BE-61B9-40CF-8721-9B221C43AC03}
	EndGlobalSection
EndGlobal
