
Microsoft Visual Studio Solution File, Format Version 12.00
# Visual Studio Version 17
VisualStudioVersion = 17.7.34202.233
MinimumVisualStudioVersion = 10.0.40219.1
Project("{FAE04EC0-301F-11D3-BF4B-00C04F79EFBC}") = "Animalerie", "Animalerie.csproj", "{8C3F7767-61B0-49F0-9BAD-9D307C112FE7}"
EndProject
Global
	GlobalSection(SolutionConfigurationPlatforms) = preSolution
		Debug|Any CPU = Debug|Any CPU
		Release|Any CPU = Release|Any CPU
	EndGlobalSection
	GlobalSection(ProjectConfigurationPlatforms) = postSolution
		{8C3F7767-61B0-49F0-9BAD-9D307C112FE7}.Debug|Any CPU.ActiveCfg = Debug|Any CPU
		{8C3F7767-61B0-49F0-9BAD-9D307C112FE7}.Debug|Any CPU.Build.0 = Debug|Any CPU
		{8C3F7767-61B0-49F0-9BAD-9D307C112FE7}.Release|Any CPU.ActiveCfg = Release|Any CPU
		{8C3F7767-61B0-49F0-9BAD-9D307C112FE7}.Release|Any CPU.Build.0 = Release|Any CPU
	EndGlobalSection
	GlobalSection(SolutionProperties) = preSolution
		HideSolutionNode = FALSE
	EndGlobalSection
	GlobalSection(ExtensibilityGlobals) = postSolution
		SolutionGuid = {F7D2EA14-0206-4265-B913-EDDAB03BB1FE}
	EndGlobalSection
EndGlobal
