
Microsoft Visual Studio Solution File, Format Version 12.00
# Visual Studio Version 17
VisualStudioVersion = 17.6.33829.357
MinimumVisualStudioVersion = 10.0.40219.1
Project("{FAE04EC0-301F-11D3-BF4B-00C04F79EFBC}") = "JWTBearer", "JWTBearer\JWTBearer.csproj", "{68211DD3-6E81-444F-A345-5D611FB5432D}"
EndProject
Global
	GlobalSection(SolutionConfigurationPlatforms) = preSolution
		Debug|Any CPU = Debug|Any CPU
		Release|Any CPU = Release|Any CPU
	EndGlobalSection
	GlobalSection(ProjectConfigurationPlatforms) = postSolution
		{68211DD3-6E81-444F-A345-5D611FB5432D}.Debug|Any CPU.ActiveCfg = Debug|Any CPU
		{68211DD3-6E81-444F-A345-5D611FB5432D}.Debug|Any CPU.Build.0 = Debug|Any CPU
		{68211DD3-6E81-444F-A345-5D611FB5432D}.Release|Any CPU.ActiveCfg = Release|Any CPU
		{68211DD3-6E81-444F-A345-5D611FB5432D}.Release|Any CPU.Build.0 = Release|Any CPU
	EndGlobalSection
	GlobalSection(SolutionProperties) = preSolution
		HideSolutionNode = FALSE
	EndGlobalSection
	GlobalSection(ExtensibilityGlobals) = postSolution
		SolutionGuid = {2D0909B7-4334-4944-AF6B-DC4C4FEF5F92}
	EndGlobalSection
EndGlobal
